// !$*UTF8*$!
{
	archiveVersion = 1;
	classes = {
	};
	objectVersion = 46;
	objects = {

/* Begin PBXBuildFile section */
		3CD6F3201CE58A48003838B9 /* AppDelegate.swift in Sources */ = {isa = PBXBuildFile; fileRef = 3CD6F31F1CE58A48003838B9 /* AppDelegate.swift */; };
		3CD6F3221CE58A48003838B9 /* ViewController.swift in Sources */ = {isa = PBXBuildFile; fileRef = 3CD6F3211CE58A48003838B9 /* ViewController.swift */; };
		3CD6F3251CE58A48003838B9 /* Main.storyboard in Resources */ = {isa = PBXBuildFile; fileRef = 3CD6F3231CE58A48003838B9 /* Main.storyboard */; };
		3CD6F3271CE58A48003838B9 /* Assets.xcassets in Resources */ = {isa = PBXBuildFile; fileRef = 3CD6F3261CE58A48003838B9 /* Assets.xcassets */; };
		3CD6F32A1CE58A48003838B9 /* LaunchScreen.storyboard in Resources */ = {isa = PBXBuildFile; fileRef = 3CD6F3281CE58A48003838B9 /* LaunchScreen.storyboard */; };
		3CD6F3331CE58AA8003838B9 /* TasksTableViewController.swift in Sources */ = {isa = PBXBuildFile; fileRef = 3CD6F3311CE58AA8003838B9 /* TasksTableViewController.swift */; };
		3CD6F3341CE58AA8003838B9 /* TasksTableViewController.xib in Resources */ = {isa = PBXBuildFile; fileRef = 3CD6F3321CE58AA8003838B9 /* TasksTableViewController.xib */; };
		3CD6F3371CE58B0D003838B9 /* TaskCell.swift in Sources */ = {isa = PBXBuildFile; fileRef = 3CD6F3351CE58B0D003838B9 /* TaskCell.swift */; };
		3CD6F3381CE58B0D003838B9 /* TaskCell.xib in Resources */ = {isa = PBXBuildFile; fileRef = 3CD6F3361CE58B0D003838B9 /* TaskCell.xib */; };
		3CD6F33A1CE58DDA003838B9 /* Task.swift in Sources */ = {isa = PBXBuildFile; fileRef = 3CD6F3391CE58DDA003838B9 /* Task.swift */; };
/* End PBXBuildFile section */

/* Begin PBXFileReference section */
		3CD6F31C1CE58A48003838B9 /* TableXIB.app */ = {isa = PBXFileReference; explicitFileType = wrapper.application; includeInIndex = 0; path = TableXIB.app; sourceTree = BUILT_PRODUCTS_DIR; };
		3CD6F31F1CE58A48003838B9 /* AppDelegate.swift */ = {isa = PBXFileReference; lastKnownFileType = sourcecode.swift; path = AppDelegate.swift; sourceTree = "<group>"; };
		3CD6F3211CE58A48003838B9 /* ViewController.swift */ = {isa = PBXFileReference; lastKnownFileType = sourcecode.swift; path = ViewController.swift; sourceTree = "<group>"; };
		3CD6F3241CE58A48003838B9 /* Base */ = {isa = PBXFileReference; lastKnownFileType = file.storyboard; name = Base; path = Base.lproj/Main.storyboard; sourceTree = "<group>"; };
		3CD6F3261CE58A48003838B9 /* Assets.xcassets */ = {isa = PBXFileReference; lastKnownFileType = folder.assetcatalog; path = Assets.xcassets; sourceTree = "<group>"; };
		3CD6F3291CE58A48003838B9 /* Base */ = {isa = PBXFileReference; lastKnownFileType = file.storyboard; name = Base; path = Base.lproj/LaunchScreen.storyboard; sourceTree = "<group>"; };
		3CD6F32B1CE58A48003838B9 /* Info.plist */ = {isa = PBXFileReference; lastKnownFileType = text.plist.xml; path = Info.plist; sourceTree = "<group>"; };
		3CD6F3311CE58AA8003838B9 /* TasksTableViewController.swift */ = {isa = PBXFileReference; fileEncoding = 4; lastKnownFileType = sourcecode.swift; path = TasksTableViewController.swift; sourceTree = "<group>"; };
		3CD6F3321CE58AA8003838B9 /* TasksTableViewController.xib */ = {isa = PBXFileReference; fileEncoding = 4; lastKnownFileType = file.xib; path = TasksTableViewController.xib; sourceTree = "<group>"; };
		3CD6F3351CE58B0D003838B9 /* TaskCell.swift */ = {isa = PBXFileReference; fileEncoding = 4; lastKnownFileType = sourcecode.swift; path = TaskCell.swift; sourceTree = "<group>"; };
		3CD6F3361CE58B0D003838B9 /* TaskCell.xib */ = {isa = PBXFileReference; fileEncoding = 4; lastKnownFileType = file.xib; path = TaskCell.xib; sourceTree = "<group>"; };
		3CD6F3391CE58DDA003838B9 /* Task.swift */ = {isa = PBXFileReference; fileEncoding = 4; lastKnownFileType = sourcecode.swift; path = Task.swift; sourceTree = "<group>"; };
/* End PBXFileReference section */

/* Begin PBXFrameworksBuildPhase section */
		3CD6F3191CE58A48003838B9 /* Frameworks */ = {
			isa = PBXFrameworksBuildPhase;
			buildActionMask = 2147483647;
			files = (
			);
			runOnlyForDeploymentPostprocessing = 0;
		};
/* End PBXFrameworksBuildPhase section */

/* Begin PBXGroup section */
		3CD6F3131CE58A47003838B9 = {
			isa = PBXGroup;
			children = (
				3CD6F31E1CE58A48003838B9 /* TableXIB */,
				3CD6F31D1CE58A48003838B9 /* Products */,
			);
			sourceTree = "<group>";
		};
		3CD6F31D1CE58A48003838B9 /* Products */ = {
			isa = PBXGroup;
			children = (
				3CD6F31C1CE58A48003838B9 /* TableXIB.app */,
			);
			name = Products;
			sourceTree = "<group>";
		};
		3CD6F31E1CE58A48003838B9 /* TableXIB */ = {
			isa = PBXGroup;
			children = (
				3CD6F31F1CE58A48003838B9 /* AppDelegate.swift */,
				3CD6F3211CE58A48003838B9 /* ViewController.swift */,
				3CD6F3231CE58A48003838B9 /* Main.storyboard */,
				3CD6F3261CE58A48003838B9 /* Assets.xcassets */,
				3CD6F3281CE58A48003838B9 /* LaunchScreen.storyboard */,
				3CD6F32B1CE58A48003838B9 /* Info.plist */,
				3CD6F3311CE58AA8003838B9 /* TasksTableViewController.swift */,
				3CD6F3321CE58AA8003838B9 /* TasksTableViewController.xib */,
				3CD6F3351CE58B0D003838B9 /* TaskCell.swift */,
				3CD6F3361CE58B0D003838B9 /* TaskCell.xib */,
				3CD6F3391CE58DDA003838B9 /* Task.swift */,
			);
			path = TableXIB;
			sourceTree = "<group>";
		};
/* End PBXGroup section */

/* Begin PBXNativeTarget section */
		3CD6F31B1CE58A48003838B9 /* TableXIB */ = {
			isa = PBXNativeTarget;
			buildConfigurationList = 3CD6F32E1CE58A48003838B9 /* Build configuration list for PBXNativeTarget "TableXIB" */;
			buildPhases = (
				3CD6F3181CE58A48003838B9 /* Sources */,
				3CD6F3191CE58A48003838B9 /* Frameworks */,
				3CD6F31A1CE58A48003838B9 /* Resources */,
			);
			buildRules = (
			);
			dependencies = (
			);
			name = TableXIB;
			productName = TableXIB;
			productReference = 3CD6F31C1CE58A48003838B9 /* TableXIB.app */;
			productType = "com.apple.product-type.application";
		};
/* End PBXNativeTarget section */

/* Begin PBXProject section */
		3CD6F3141CE58A47003838B9 /* Project object */ = {
			isa = PBXProject;
			attributes = {
				LastSwiftUpdateCheck = 0730;
				LastUpgradeCheck = 0730;
				ORGANIZATIONNAME = nextU;
				TargetAttributes = {
					3CD6F31B1CE58A48003838B9 = {
						CreatedOnToolsVersion = 7.3;
					};
				};
			};
			buildConfigurationList = 3CD6F3171CE58A47003838B9 /* Build configuration list for PBXProject "TableXIB" */;
			compatibilityVersion = "Xcode 3.2";
			developmentRegion = English;
			hasScannedForEncodings = 0;
			knownRegions = (
				en,
				Base,
			);
			mainGroup = 3CD6F3131CE58A47003838B9;
			productRefGroup = 3CD6F31D1CE58A48003838B9 /* Products */;
			projectDirPath = "";
			projectRoot = "";
			targets = (
				3CD6F31B1CE58A48003838B9 /* TableXIB */,
			);
		};
/* End PBXProject section */

/* Begin PBXResourcesBuildPhase section */
		3CD6F31A1CE58A48003838B9 /* Resources */ = {
			isa = PBXResourcesBuildPhase;
			buildActionMask = 2147483647;
			files = (
				3CD6F32A1CE58A48003838B9 /* LaunchScreen.storyboard in Resources */,
				3CD6F3381CE58B0D003838B9 /* TaskCell.xib in Resources */,
				3CD6F3271CE58A48003838B9 /* Assets.xcassets in Resources */,
				3CD6F3341CE58AA8003838B9 /* TasksTableViewController.xib in Resources */,
				3CD6F3251CE58A48003838B9 /* Main.storyboard in Resources */,
			);
			runOnlyForDeploymentPostprocessing = 0;
		};
/* End PBXResourcesBuildPhase section */

/* Begin PBXSourcesBuildPhase section */
		3CD6F3181CE58A48003838B9 /* Sources */ = {
			isa = PBXSourcesBuildPhase;
			buildActionMask = 2147483647;
			files = (
				3CD6F3371CE58B0D003838B9 /* TaskCell.swift in Sources */,
				3CD6F3331CE58AA8003838B9 /* TasksTableViewController.swift in Sources */,
				3CD6F33A1CE58DDA003838B9 /* Task.swift in Sources */,
				3CD6F3221CE58A48003838B9 /* ViewController.swift in Sources */,
				3CD6F3201CE58A48003838B9 /* AppDelegate.swift in Sources */,
			);
			runOnlyForDeploymentPostprocessing = 0;
		};
/* End PBXSourcesBuildPhase section */

/* Begin PBXVariantGroup section */
		3CD6F3231CE58A48003838B9 /* Main.storyboard */ = {
			isa = PBXVariantGroup;
			children = (
				3CD6F3241CE58A48003838B9 /* Base */,
			);
			name = Main.storyboard;
			sourceTree = "<group>";
		};
		3CD6F3281CE58A48003838B9 /* LaunchScreen.storyboard */ = {
			isa = PBXVariantGroup;
			children = (
				3CD6F3291CE58A48003838B9 /* Base */,
			);
			name = LaunchScreen.storyboard;
			sourceTree = "<group>";
		};
/* End PBXVariantGroup section */

/* Begin XCBuildConfiguration section */
		3CD6F32C1CE58A48003838B9 /* Debug */ = {
			isa = XCBuildConfiguration;
			buildSettings = {
				ALWAYS_SEARCH_USER_PATHS = NO;
				CLANG_ANALYZER_NONNULL = YES;
				CLANG_CXX_LANGUAGE_STANDARD = "gnu++0x";
				CLANG_CXX_LIBRARY = "libc++";
				CLANG_ENABLE_MODULES = YES;
				CLANG_ENABLE_OBJC_ARC = YES;
				CLANG_WARN_BOOL_CONVERSION = YES;
				CLANG_WARN_CONSTANT_CONVERSION = YES;
				CLANG_WARN_DIRECT_OBJC_ISA_USAGE = YES_ERROR;
				CLANG_WARN_EMPTY_BODY = YES;
				CLANG_WARN_ENUM_CONVERSION = YES;
				CLANG_WARN_INT_CONVERSION = YES;
				CLANG_WARN_OBJC_ROOT_CLASS = YES_ERROR;
				CLANG_WARN_UNREACHABLE_CODE = YES;
				CLANG_WARN__DUPLICATE_METHOD_MATCH = YES;
				"CODE_SIGN_IDENTITY[sdk=iphoneos*]" = "iPhone Developer";
				COPY_PHASE_STRIP = NO;
				DEBUG_INFORMATION_FORMAT = dwarf;
				ENABLE_STRICT_OBJC_MSGSEND = YES;
				ENABLE_TESTABILITY = YES;
				GCC_C_LANGUAGE_STANDARD = gnu99;
				GCC_DYNAMIC_NO_PIC = NO;
				GCC_NO_COMMON_BLOCKS = YES;
				GCC_OPTIMIZATION_LEVEL = 0;
				GCC_PREPROCESSOR_DEFINITIONS = (
					"DEBUG=1",
					"$(inherited)",
				);
				GCC_WARN_64_TO_32_BIT_CONVERSION = YES;
				GCC_WARN_ABOUT_RETURN_TYPE = YES_ERROR;
				GCC_WARN_UNDECLARED_SELECTOR = YES;
				GCC_WARN_UNINITIALIZED_AUTOS = YES_AGGRESSIVE;
				GCC_WARN_UNUSED_FUNCTION = YES;
				GCC_WARN_UNUSED_VARIABLE = YES;
				IPHONEOS_DEPLOYMENT_TARGET = 9.3;
				MTL_ENABLE_DEBUG_INFO = YES;
				ONLY_ACTIVE_ARCH = YES;
				SDKROOT = iphoneos;
				SWIFT_OPTIMIZATION_LEVEL = "-Onone";
			};
			name = Debug;
		};
		3CD6F32D1CE58A48003838B9 /* Release */ = {
			isa = XCBuildConfiguration;
			buildSettings = {
				ALWAYS_SEARCH_USER_PATHS = NO;
				CLANG_ANALYZER_NONNULL = YES;
				CLANG_CXX_LANGUAGE_STANDARD = "gnu++0x";
				CLANG_CXX_LIBRARY = "libc++";
				CLANG_ENABLE_MODULES = YES;
				CLANG_ENABLE_OBJC_ARC = YES;
				CLANG_WARN_BOOL_CONVERSION = YES;
				CLANG_WARN_CONSTANT_CONVERSION = YES;
				CLANG_WARN_DIRECT_OBJC_ISA_USAGE = YES_ERROR;
				CLANG_WARN_EMPTY_BODY = YES;
				CLANG_WARN_ENUM_CONVERSION = YES;
				CLANG_WARN_INT_CONVERSION = YES;
				CLANG_WARN_OBJC_ROOT_CLASS = YES_ERROR;
				CLANG_WARN_UNREACHABLE_CODE = YES;
				CLANG_WARN__DUPLICATE_METHOD_MATCH = YES;
				"CODE_SIGN_IDENTITY[sdk=iphoneos*]" = "iPhone Developer";
				COPY_PHASE_STRIP = NO;
				DEBUG_INFORMATION_FORMAT = "dwarf-with-dsym";
				ENABLE_NS_ASSERTIONS = NO;
				ENABLE_STRICT_OBJC_MSGSEND = YES;
				GCC_C_LANGUAGE_STANDARD = gnu99;
				GCC_NO_COMMON_BLOCKS = YES;
				GCC_WARN_64_TO_32_BIT_CONVERSION = YES;
				GCC_WARN_ABOUT_RETURN_TYPE = YES_ERROR;
				GCC_WARN_UNDECLARED_SELECTOR = YES;
				GCC_WARN_UNINITIALIZED_AUTOS = YES_AGGRESSIVE;
				GCC_WARN_UNUSED_FUNCTION = YES;
				GCC_WARN_UNUSED_VARIABLE = YES;
				IPHONEOS_DEPLOYMENT_TARGET = 9.3;
				MTL_ENABLE_DEBUG_INFO = NO;
				SDKROOT = iphoneos;
				VALIDATE_PRODUCT = YES;
			};
			name = Release;
		};
		3CD6F32F1CE58A48003838B9 /* Debug */ = {
			isa = XCBuildConfiguration;
			buildSettings = {
				ASSETCATALOG_COMPILER_APPICON_NAME = AppIcon;
				INFOPLIST_FILE = TableXIB/Info.plist;
				LD_RUNPATH_SEARCH_PATHS = "$(inherited) @executable_path/Frameworks";
				PRODUCT_BUNDLE_IDENTIFIER = com.nextu.iosdeveloper.TableXIB;
				PRODUCT_NAME = "$(TARGET_NAME)";
			};
			name = Debug;
		};
		3CD6F3301CE58A48003838B9 /* Release */ = {
			isa = XCBuildConfiguration;
			buildSettings = {
				ASSETCATALOG_COMPILER_APPICON_NAME = AppIcon;
				INFOPLIST_FILE = TableXIB/Info.plist;
				LD_RUNPATH_SEARCH_PATHS = "$(inherited) @executable_path/Frameworks";
				PRODUCT_BUNDLE_IDENTIFIER = com.nextu.iosdeveloper.TableXIB;
				PRODUCT_NAME = "$(TARGET_NAME)";
			};
			name = Release;
		};
/* End XCBuildConfiguration section */

/* Begin XCConfigurationList section */
		3CD6F3171CE58A47003838B9 /* Build configuration list for PBXProject "TableXIB" */ = {
			isa = XCConfigurationList;
			buildConfigurations = (
				3CD6F32C1CE58A48003838B9 /* Debug */,
				3CD6F32D1CE58A48003838B9 /* Release */,
			);
			defaultConfigurationIsVisible = 0;
			defaultConfigurationName = Release;
		};
		3CD6F32E1CE58A48003838B9 /* Build configuration list for PBXNativeTarget "TableXIB" */ = {
			isa = XCConfigurationList;
			buildConfigurations = (
				3CD6F32F1CE58A48003838B9 /* Debug */,
				3CD6F3301CE58A48003838B9 /* Release */,
			);
			defaultConfigurationIsVisible = 0;
		};
/* End XCConfigurationList section */
	};
	rootObject = 3CD6F3141CE58A47003838B9 /* Project object */;
}
